// !$*UTF8*$!
{
	archiveVersion = 1;
	classes = {
	};
	objectVersion = 77;
	objects = {

/* Begin PBXBuildFile section */
		C20137962E1B7E2000171360 /* ClockView.swift in Sources */ = {isa = PBXBuildFile; fileRef = C20137952E1B7E2000171360 /* ClockView.swift */; };
/* End PBXBuildFile section */

/* Begin PBXContainerItemProxy section */
		C2E2A14E2D63CCC8008D931E /* PBXContainerItemProxy */ = {
			isa = PBXContainerItemProxy;
			containerPortal = C2E2A12C2D63CCC5008D931E /* Project object */;
			proxyType = 1;
			remoteGlobalIDString = C2E2A1332D63CCC5008D931E;
			remoteInfo = "Time Calculator";
		};
		C2E2A1582D63CCC8008D931E /* PBXContainerItemProxy */ = {
			isa = PBXContainerItemProxy;
			containerPortal = C2E2A12C2D63CCC5008D931E /* Project object */;
			proxyType = 1;
			remoteGlobalIDString = C2E2A1332D63CCC5008D931E;
			remoteInfo = "Time Calculator";
		};
/* End PBXContainerItemProxy section */

/* Begin PBXFileReference section */
		C20137952E1B7E2000171360 /* ClockView.swift */ = {isa = PBXFileReference; lastKnownFileType = sourcecode.swift; name = ClockView.swift; path = "Time Calculator/Helpers/Extensions/ClockView.swift"; sourceTree = "<group>"; };
		C2E2A1342D63CCC5008D931E /* Time Calculator.app */ = {isa = PBXFileReference; explicitFileType = wrapper.application; includeInIndex = 0; path = "Time Calculator.app"; sourceTree = BUILT_PRODUCTS_DIR; };
		C2E2A14D2D63CCC8008D931E /* Time CalculatorTests.xctest */ = {isa = PBXFileReference; explicitFileType = wrapper.cfbundle; includeInIndex = 0; path = "Time CalculatorTests.xctest"; sourceTree = BUILT_PRODUCTS_DIR; };
		C2E2A1572D63CCC8008D931E /* Time CalculatorUITests.xctest */ = {isa = PBXFileReference; explicitFileType = wrapper.cfbundle; includeInIndex = 0; path = "Time CalculatorUITests.xctest"; sourceTree = BUILT_PRODUCTS_DIR; };
/* End PBXFileReference section */

/* Begin PBXFileSystemSynchronizedBuildFileExceptionSet section */
		C20137922E0E5E1A00171360 /* Exceptions for "Time Calculator" folder in "Time CalculatorUITests" target */ = {
			isa = PBXFileSystemSynchronizedBuildFileExceptionSet;
			membershipExceptions = (
				Helpers/Extensions/DesignableUITextField.swift,
				Helpers/Extensions/DesignableView.swift,
				Helpers/Extensions/PaddingLable.swift,
				"Helpers/Extensions/TextField+Extension.swift",
				"Helpers/Extensions/UILabel+Extension.swift",
				"Helpers/Extensions/UIView+Extension.swift",
			);
			target = C2E2A1562D63CCC8008D931E /* Time CalculatorUITests */;
		};
		C2E2A15F2D63CCC8008D931E /* Exceptions for "Time Calculator" folder in "Time Calculator" target */ = {
			isa = PBXFileSystemSynchronizedBuildFileExceptionSet;
			membershipExceptions = (
				Helpers/Extensions/DesignableUITextField.swift,
				Helpers/Extensions/DesignableView.swift,
				Helpers/Extensions/PaddingLable.swift,
				"Helpers/Extensions/TextField+Extension.swift",
				"Helpers/Extensions/UILabel+Extension.swift",
				"Helpers/Extensions/UIView+Extension.swift",
				Info.plist,
			);
			target = C2E2A1332D63CCC5008D931E /* Time Calculator */;
		};
/* End PBXFileSystemSynchronizedBuildFileExceptionSet section */

/* Begin PBXFileSystemSynchronizedRootGroup section */
		C2E2A1362D63CCC5008D931E /* Time Calculator */ = {
			isa = PBXFileSystemSynchronizedRootGroup;
			exceptions = (
				C2E2A15F2D63CCC8008D931E /* Exceptions for "Time Calculator" folder in "Time Calculator" target */,
				C20137922E0E5E1A00171360 /* Exceptions for "Time Calculator" folder in "Time CalculatorUITests" target */,
			);
			path = "Time Calculator";
			sourceTree = "<group>";
		};
		C2E2A1502D63CCC8008D931E /* Time CalculatorTests */ = {
			isa = PBXFileSystemSynchronizedRootGroup;
			path = "Time CalculatorTests";
			sourceTree = "<group>";
		};
		C2E2A15A2D63CCC8008D931E /* Time CalculatorUITests */ = {
			isa = PBXFileSystemSynchronizedRootGroup;
			path = "Time CalculatorUITests";
			sourceTree = "<group>";
		};
/* End PBXFileSystemSynchronizedRootGroup section */

/* Begin PBXFrameworksBuildPhase section */
		C2E2A1312D63CCC5008D931E /* Frameworks */ = {
			isa = PBXFrameworksBuildPhase;
			buildActionMask = 2147483647;
			files = (
			);
			runOnlyForDeploymentPostprocessing = 0;
		};
		C2E2A14A2D63CCC8008D931E /* Frameworks */ = {
			isa = PBXFrameworksBuildPhase;
			buildActionMask = 2147483647;
			files = (
			);
			runOnlyForDeploymentPostprocessing = 0;
		};
		C2E2A1542D63CCC8008D931E /* Frameworks */ = {
			isa = PBXFrameworksBuildPhase;
			buildActionMask = 2147483647;
			files = (
			);
			runOnlyForDeploymentPostprocessing = 0;
		};
/* End PBXFrameworksBuildPhase section */

/* Begin PBXGroup section */
		C2E2A12B2D63CCC5008D931E = {
			isa = PBXGroup;
			children = (
				C20137952E1B7E2000171360 /* ClockView.swift */,
				C2E2A1362D63CCC5008D931E /* Time Calculator */,
				C2E2A1502D63CCC8008D931E /* Time CalculatorTests */,
				C2E2A15A2D63CCC8008D931E /* Time CalculatorUITests */,
				C2E2A1352D63CCC5008D931E /* Products */,
			);
			sourceTree = "<group>";
		};
		C2E2A1352D63CCC5008D931E /* Products */ = {
			isa = PBXGroup;
			children = (
				C2E2A1342D63CCC5008D931E /* Time Calculator.app */,
				C2E2A14D2D63CCC8008D931E /* Time CalculatorTests.xctest */,
				C2E2A1572D63CCC8008D931E /* Time CalculatorUITests.xctest */,
			);
			name = Products;
			sourceTree = "<group>";
		};
/* End PBXGroup section */

/* Begin PBXNativeTarget section */
		C2E2A1332D63CCC5008D931E /* Time Calculator */ = {
			isa = PBXNativeTarget;
			buildConfigurationList = C2E2A1602D63CCC8008D931E /* Build configuration list for PBXNativeTarget "Time Calculator" */;
			buildPhases = (
				C2E2A1302D63CCC5008D931E /* Sources */,
				C2E2A1312D63CCC5008D931E /* Frameworks */,
				C2E2A1322D63CCC5008D931E /* Resources */,
			);
			buildRules = (
			);
			dependencies = (
			);
			fileSystemSynchronizedGroups = (
				C2E2A1362D63CCC5008D931E /* Time Calculator */,
			);
			name = "Time Calculator";
			packageProductDependencies = (
			);
			productName = "Time Calculator";
			productReference = C2E2A1342D63CCC5008D931E /* Time Calculator.app */;
			productType = "com.apple.product-type.application";
		};
		C2E2A14C2D63CCC8008D931E /* Time CalculatorTests */ = {
			isa = PBXNativeTarget;
			buildConfigurationList = C2E2A1652D63CCC8008D931E /* Build configuration list for PBXNativeTarget "Time CalculatorTests" */;
			buildPhases = (
				C2E2A1492D63CCC8008D931E /* Sources */,
				C2E2A14A2D63CCC8008D931E /* Frameworks */,
				C2E2A14B2D63CCC8008D931E /* Resources */,
			);
			buildRules = (
			);
			dependencies = (
				C2E2A14F2D63CCC8008D931E /* PBXTargetDependency */,
			);
			fileSystemSynchronizedGroups = (
				C2E2A1502D63CCC8008D931E /* Time CalculatorTests */,
			);
			name = "Time CalculatorTests";
			packageProductDependencies = (
			);
			productName = "Time CalculatorTests";
			productReference = C2E2A14D2D63CCC8008D931E /* Time CalculatorTests.xctest */;
			productType = "com.apple.product-type.bundle.unit-test";
		};
		C2E2A1562D63CCC8008D931E /* Time CalculatorUITests */ = {
			isa = PBXNativeTarget;
			buildConfigurationList = C2E2A1682D63CCC8008D931E /* Build configuration list for PBXNativeTarget "Time CalculatorUITests" */;
			buildPhases = (
				C2E2A1532D63CCC8008D931E /* Sources */,
				C2E2A1542D63CCC8008D931E /* Frameworks */,
				C2E2A1552D63CCC8008D931E /* Resources */,
			);
			buildRules = (
			);
			dependencies = (
				C2E2A1592D63CCC8008D931E /* PBXTargetDependency */,
			);
			fileSystemSynchronizedGroups = (
				C2E2A15A2D63CCC8008D931E /* Time CalculatorUITests */,
			);
			name = "Time CalculatorUITests";
			packageProductDependencies = (
			);
			productName = "Time CalculatorUITests";
			productReference = C2E2A1572D63CCC8008D931E /* Time CalculatorUITests.xctest */;
			productType = "com.apple.product-type.bundle.ui-testing";
		};
/* End PBXNativeTarget section */

/* Begin PBXProject section */
		C2E2A12C2D63CCC5008D931E /* Project object */ = {
			isa = PBXProject;
			attributes = {
				BuildIndependentTargetsInParallel = 1;
				LastSwiftUpdateCheck = 1620;
				LastUpgradeCheck = 1620;
				TargetAttributes = {
					C2E2A1332D63CCC5008D931E = {
						CreatedOnToolsVersion = 16.2;
					};
					C2E2A14C2D63CCC8008D931E = {
						CreatedOnToolsVersion = 16.2;
						TestTargetID = C2E2A1332D63CCC5008D931E;
					};
					C2E2A1562D63CCC8008D931E = {
						CreatedOnToolsVersion = 16.2;
						TestTargetID = C2E2A1332D63CCC5008D931E;
					};
				};
			};
			buildConfigurationList = C2E2A12F2D63CCC5008D931E /* Build configuration list for PBXProject "Time Calculator" */;
			developmentRegion = en;
			hasScannedForEncodings = 0;
			knownRegions = (
				en,
				Base,
			);
			mainGroup = C2E2A12B2D63CCC5008D931E;
			minimizedProjectReferenceProxies = 1;
			preferredProjectObjectVersion = 77;
			productRefGroup = C2E2A1352D63CCC5008D931E /* Products */;
			projectDirPath = "";
			projectRoot = "";
			targets = (
				C2E2A1332D63CCC5008D931E /* Time Calculator */,
				C2E2A14C2D63CCC8008D931E /* Time CalculatorTests */,
				C2E2A1562D63CCC8008D931E /* Time CalculatorUITests */,
			);
		};
/* End PBXProject section */

/* Begin PBXResourcesBuildPhase section */
		C2E2A1322D63CCC5008D931E /* Resources */ = {
			isa = PBXResourcesBuildPhase;
			buildActionMask = 2147483647;
			files = (
			);
			runOnlyForDeploymentPostprocessing = 0;
		};
		C2E2A14B2D63CCC8008D931E /* Resources */ = {
			isa = PBXResourcesBuildPhase;
			buildActionMask = 2147483647;
			files = (
			);
			runOnlyForDeploymentPostprocessing = 0;
		};
		C2E2A1552D63CCC8008D931E /* Resources */ = {
			isa = PBXResourcesBuildPhase;
			buildActionMask = 2147483647;
			files = (
			);
			runOnlyForDeploymentPostprocessing = 0;
		};
/* End PBXResourcesBuildPhase section */

/* Begin PBXSourcesBuildPhase section */
		C2E2A1302D63CCC5008D931E /* Sources */ = {
			isa = PBXSourcesBuildPhase;
			buildActionMask = 2147483647;
			files = (
				C20137962E1B7E2000171360 /* ClockView.swift in Sources */,
			);
			runOnlyForDeploymentPostprocessing = 0;
		};
		C2E2A1492D63CCC8008D931E /* Sources */ = {
			isa = PBXSourcesBuildPhase;
			buildActionMask = 2147483647;
			files = (
			);
			runOnlyForDeploymentPostprocessing = 0;
		};
		C2E2A1532D63CCC8008D931E /* Sources */ = {
			isa = PBXSourcesBuildPhase;
			buildActionMask = 2147483647;
			files = (
			);
			runOnlyForDeploymentPostprocessing = 0;
		};
/* End PBXSourcesBuildPhase section */

/* Begin PBXTargetDependency section */
		C2E2A14F2D63CCC8008D931E /* PBXTargetDependency */ = {
			isa = PBXTargetDependency;
			target = C2E2A1332D63CCC5008D931E /* Time Calculator */;
			targetProxy = C2E2A14E2D63CCC8008D931E /* PBXContainerItemProxy */;
		};
		C2E2A1592D63CCC8008D931E /* PBXTargetDependency */ = {
			isa = PBXTargetDependency;
			target = C2E2A1332D63CCC5008D931E /* Time Calculator */;
			targetProxy = C2E2A1582D63CCC8008D931E /* PBXContainerItemProxy */;
		};
/* End PBXTargetDependency section */

/* Begin XCBuildConfiguration section */
		C2E2A1612D63CCC8008D931E /* Debug */ = {
			isa = XCBuildConfiguration;
			buildSettings = {
				ASSETCATALOG_COMPILER_APPICON_NAME = AppIcon;
				ASSETCATALOG_COMPILER_GLOBAL_ACCENT_COLOR_NAME = AccentColor;
				CODE_SIGN_STYLE = Automatic;
				CURRENT_PROJECT_VERSION = 1;
				DEVELOPMENT_TEAM = LN6Z64W6MA;
				GENERATE_INFOPLIST_FILE = YES;
				INFOPLIST_FILE = "Time Calculator/Info.plist";
				INFOPLIST_KEY_UIApplicationSupportsIndirectInputEvents = YES;
				INFOPLIST_KEY_UILaunchStoryboardName = LaunchScreen;
				INFOPLIST_KEY_UIMainStoryboardFile = Main;
				INFOPLIST_KEY_UISupportedInterfaceOrientations_iPad = "UIInterfaceOrientationPortrait UIInterfaceOrientationPortraitUpsideDown UIInterfaceOrientationLandscapeLeft UIInterfaceOrientationLandscapeRight";
				INFOPLIST_KEY_UISupportedInterfaceOrientations_iPhone = "UIInterfaceOrientationPortrait UIInterfaceOrientationLandscapeLeft UIInterfaceOrientationLandscapeRight";
				LD_RUNPATH_SEARCH_PATHS = (
					"$(inherited)",
					"@executable_path/Frameworks",
				);
				MARKETING_VERSION = 1.0;
				PRODUCT_BUNDLE_IDENTIFIER = "com.capitalH.Time-Calculator";
				PRODUCT_NAME = "$(TARGET_NAME)";
				SUPPORTED_PLATFORMS = "iphoneos iphonesimulator";
				SUPPORTS_MACCATALYST = NO;
				SUPPORTS_XR_DESIGNED_FOR_IPHONE_IPAD = NO;
				SWIFT_EMIT_LOC_STRINGS = YES;
				SWIFT_VERSION = 5.0;
				TARGETED_DEVICE_FAMILY = "1,2";
			};
			name = Debug;
		};
		C2E2A1622D63CCC8008D931E /* Release */ = {
			isa = XCBuildConfiguration;
			buildSettings = {
				ASSETCATALOG_COMPILER_APPICON_NAME = AppIcon;
				ASSETCATALOG_COMPILER_GLOBAL_ACCENT_COLOR_NAME = AccentColor;
				CODE_SIGN_STYLE = Automatic;
				CURRENT_PROJECT_VERSION = 1;
				DEVELOPMENT_TEAM = LN6Z64W6MA;
				GENERATE_INFOPLIST_FILE = YES;
				INFOPLIST_FILE = "Time Calculator/Info.plist";
				INFOPLIST_KEY_UIApplicationSupportsIndirectInputEvents = YES;
				INFOPLIST_KEY_UILaunchStoryboardName = LaunchScreen;
				INFOPLIST_KEY_UIMainStoryboardFile = Main;
				INFOPLIST_KEY_UISupportedInterfaceOrientations_iPad = "UIInterfaceOrientationPortrait UIInterfaceOrientationPortraitUpsideDown UIInterfaceOrientationLandscapeLeft UIInterfaceOrientationLandscapeRight";
				INFOPLIST_KEY_UISupportedInterfaceOrientations_iPhone = "UIInterfaceOrientationPortrait UIInterfaceOrientationLandscapeLeft UIInterfaceOrientationLandscapeRight";
				LD_RUNPATH_SEARCH_PATHS = (
					"$(inherited)",
					"@executable_path/Frameworks",
				);
				MARKETING_VERSION = 1.0;
				PRODUCT_BUNDLE_IDENTIFIER = "com.capitalH.Time-Calculator";
				PRODUCT_NAME = "$(TARGET_NAME)";
				SUPPORTED_PLATFORMS = "iphoneos iphonesimulator";
				SUPPORTS_MACCATALYST = NO;
				SUPPORTS_XR_DESIGNED_FOR_IPHONE_IPAD = NO;
				SWIFT_EMIT_LOC_STRINGS = YES;
				SWIFT_VERSION = 5.0;
				TARGETED_DEVICE_FAMILY = "1,2";
			};
			name = Release;
		};
		C2E2A1632D63CCC8008D931E /* Debug */ = {
			isa = XCBuildConfiguration;
			buildSettings = {
				ALWAYS_SEARCH_USER_PATHS = NO;
				ASSETCATALOG_COMPILER_GENERATE_SWIFT_ASSET_SYMBOL_EXTENSIONS = YES;
				CLANG_ANALYZER_NONNULL = YES;
				CLANG_ANALYZER_NUMBER_OBJECT_CONVERSION = YES_AGGRESSIVE;
				CLANG_CXX_LANGUAGE_STANDARD = "gnu++20";
				CLANG_ENABLE_MODULES = YES;
				CLANG_ENABLE_OBJC_ARC = YES;
				CLANG_ENABLE_OBJC_WEAK = YES;
				CLANG_WARN_BLOCK_CAPTURE_AUTORELEASING = YES;
				CLANG_WARN_BOOL_CONVERSION = YES;
				CLANG_WARN_COMMA = YES;
				CLANG_WARN_CONSTANT_CONVERSION = YES;
				CLANG_WARN_DEPRECATED_OBJC_IMPLEMENTATIONS = YES;
				CLANG_WARN_DIRECT_OBJC_ISA_USAGE = YES_ERROR;
				CLANG_WARN_DOCUMENTATION_COMMENTS = YES;
				CLANG_WARN_EMPTY_BODY = YES;
				CLANG_WARN_ENUM_CONVERSION = YES;
				CLANG_WARN_INFINITE_RECURSION = YES;
				CLANG_WARN_INT_CONVERSION = YES;
				CLANG_WARN_NON_LITERAL_NULL_CONVERSION = YES;
				CLANG_WARN_OBJC_IMPLICIT_RETAIN_SELF = YES;
				CLANG_WARN_OBJC_LITERAL_CONVERSION = YES;
				CLANG_WARN_OBJC_ROOT_CLASS = YES_ERROR;
				CLANG_WARN_QUOTED_INCLUDE_IN_FRAMEWORK_HEADER = YES;
				CLANG_WARN_RANGE_LOOP_ANALYSIS = YES;
				CLANG_WARN_STRICT_PROTOTYPES = YES;
				CLANG_WARN_SUSPICIOUS_MOVE = YES;
				CLANG_WARN_UNGUARDED_AVAILABILITY = YES_AGGRESSIVE;
				CLANG_WARN_UNREACHABLE_CODE = YES;
				CLANG_WARN__DUPLICATE_METHOD_MATCH = YES;
				COPY_PHASE_STRIP = NO;
				DEBUG_INFORMATION_FORMAT = dwarf;
				ENABLE_STRICT_OBJC_MSGSEND = YES;
				ENABLE_TESTABILITY = YES;
				ENABLE_USER_SCRIPT_SANDBOXING = YES;
				GCC_C_LANGUAGE_STANDARD = gnu17;
				GCC_DYNAMIC_NO_PIC = NO;
				GCC_NO_COMMON_BLOCKS = YES;
				GCC_OPTIMIZATION_LEVEL = 0;
				GCC_PREPROCESSOR_DEFINITIONS = (
					"DEBUG=1",
					"$(inherited)",
				);
				GCC_WARN_64_TO_32_BIT_CONVERSION = YES;
				GCC_WARN_ABOUT_RETURN_TYPE = YES_ERROR;
				GCC_WARN_UNDECLARED_SELECTOR = YES;
				GCC_WARN_UNINITIALIZED_AUTOS = YES_AGGRESSIVE;
				GCC_WARN_UNUSED_FUNCTION = YES;
				GCC_WARN_UNUSED_VARIABLE = YES;
				IPHONEOS_DEPLOYMENT_TARGET = 18.2;
				LOCALIZATION_PREFERS_STRING_CATALOGS = YES;
				MTL_ENABLE_DEBUG_INFO = INCLUDE_SOURCE;
				MTL_FAST_MATH = YES;
				ONLY_ACTIVE_ARCH = YES;
				SDKROOT = iphoneos;
				SWIFT_ACTIVE_COMPILATION_CONDITIONS = "DEBUG $(inherited)";
				SWIFT_OPTIMIZATION_LEVEL = "-Onone";
			};
			name = Debug;
		};
		C2E2A1642D63CCC8008D931E /* Release */ = {
			isa = XCBuildConfiguration;
			buildSettings = {
				ALWAYS_SEARCH_USER_PATHS = NO;
				ASSETCATALOG_COMPILER_GENERATE_SWIFT_ASSET_SYMBOL_EXTENSIONS = YES;
				CLANG_ANALYZER_NONNULL = YES;
				CLANG_ANALYZER_NUMBER_OBJECT_CONVERSION = YES_AGGRESSIVE;
				CLANG_CXX_LANGUAGE_STANDARD = "gnu++20";
				CLANG_ENABLE_MODULES = YES;
				CLANG_ENABLE_OBJC_ARC = YES;
				CLANG_ENABLE_OBJC_WEAK = YES;
				CLANG_WARN_BLOCK_CAPTURE_AUTORELEASING = YES;
				CLANG_WARN_BOOL_CONVERSION = YES;
				CLANG_WARN_COMMA = YES;
				CLANG_WARN_CONSTANT_CONVERSION = YES;
				CLANG_WARN_DEPRECATED_OBJC_IMPLEMENTATIONS = YES;
				CLANG_WARN_DIRECT_OBJC_ISA_USAGE = YES_ERROR;
				CLANG_WARN_DOCUMENTATION_COMMENTS = YES;
				CLANG_WARN_EMPTY_BODY = YES;
				CLANG_WARN_ENUM_CONVERSION = YES;
				CLANG_WARN_INFINITE_RECURSION = YES;
				CLANG_WARN_INT_CONVERSION = YES;
				CLANG_WARN_NON_LITERAL_NULL_CONVERSION = YES;
				CLANG_WARN_OBJC_IMPLICIT_RETAIN_SELF = YES;
				CLANG_WARN_OBJC_LITERAL_CONVERSION = YES;
				CLANG_WARN_OBJC_ROOT_CLASS = YES_ERROR;
				CLANG_WARN_QUOTED_INCLUDE_IN_FRAMEWORK_HEADER = YES;
				CLANG_WARN_RANGE_LOOP_ANALYSIS = YES;
				CLANG_WARN_STRICT_PROTOTYPES = YES;
				CLANG_WARN_SUSPICIOUS_MOVE = YES;
				CLANG_WARN_UNGUARDED_AVAILABILITY = YES_AGGRESSIVE;
				CLANG_WARN_UNREACHABLE_CODE = YES;
				CLANG_WARN__DUPLICATE_METHOD_MATCH = YES;
				COPY_PHASE_STRIP = NO;
				DEBUG_INFORMATION_FORMAT = "dwarf-with-dsym";
				ENABLE_NS_ASSERTIONS = NO;
				ENABLE_STRICT_OBJC_MSGSEND = YES;
				ENABLE_USER_SCRIPT_SANDBOXING = YES;
				GCC_C_LANGUAGE_STANDARD = gnu17;
				GCC_NO_COMMON_BLOCKS = YES;
				GCC_WARN_64_TO_32_BIT_CONVERSION = YES;
				GCC_WARN_ABOUT_RETURN_TYPE = YES_ERROR;
				GCC_WARN_UNDECLARED_SELECTOR = YES;
				GCC_WARN_UNINITIALIZED_AUTOS = YES_AGGRESSIVE;
				GCC_WARN_UNUSED_FUNCTION = YES;
				GCC_WARN_UNUSED_VARIABLE = YES;
				IPHONEOS_DEPLOYMENT_TARGET = 18.2;
				LOCALIZATION_PREFERS_STRING_CATALOGS = YES;
				MTL_ENABLE_DEBUG_INFO = NO;
				MTL_FAST_MATH = YES;
				SDKROOT = iphoneos;
				SWIFT_COMPILATION_MODE = wholemodule;
				VALIDATE_PRODUCT = YES;
			};
			name = Release;
		};
		C2E2A1662D63CCC8008D931E /* Debug */ = {
			isa = XCBuildConfiguration;
			buildSettings = {
				BUNDLE_LOADER = "$(TEST_HOST)";
				CODE_SIGN_STYLE = Automatic;
				CURRENT_PROJECT_VERSION = 1;
				DEVELOPMENT_TEAM = LN6Z64W6MA;
				GENERATE_INFOPLIST_FILE = YES;
				IPHONEOS_DEPLOYMENT_TARGET = 18.2;
				MARKETING_VERSION = 1.0;
				PRODUCT_BUNDLE_IDENTIFIER = "com.capitalH.Time-CalculatorTests";
				PRODUCT_NAME = "$(TARGET_NAME)";
				SWIFT_EMIT_LOC_STRINGS = NO;
				SWIFT_VERSION = 5.0;
				TARGETED_DEVICE_FAMILY = "1,2";
				TEST_HOST = "$(BUILT_PRODUCTS_DIR)/Time Calculator.app/$(BUNDLE_EXECUTABLE_FOLDER_PATH)/Time Calculator";
			};
			name = Debug;
		};
		C2E2A1672D63CCC8008D931E /* Release */ = {
			isa = XCBuildConfiguration;
			buildSettings = {
				BUNDLE_LOADER = "$(TEST_HOST)";
				CODE_SIGN_STYLE = Automatic;
				CURRENT_PROJECT_VERSION = 1;
				DEVELOPMENT_TEAM = LN6Z64W6MA;
				GENERATE_INFOPLIST_FILE = YES;
				IPHONEOS_DEPLOYMENT_TARGET = 18.2;
				MARKETING_VERSION = 1.0;
				PRODUCT_BUNDLE_IDENTIFIER = "com.capitalH.Time-CalculatorTests";
				PRODUCT_NAME = "$(TARGET_NAME)";
				SWIFT_EMIT_LOC_STRINGS = NO;
				SWIFT_VERSION = 5.0;
				TARGETED_DEVICE_FAMILY = "1,2";
				TEST_HOST = "$(BUILT_PRODUCTS_DIR)/Time Calculator.app/$(BUNDLE_EXECUTABLE_FOLDER_PATH)/Time Calculator";
			};
			name = Release;
		};
		C2E2A1692D63CCC8008D931E /* Debug */ = {
			isa = XCBuildConfiguration;
			buildSettings = {
				CODE_SIGN_STYLE = Automatic;
				CURRENT_PROJECT_VERSION = 1;
				DEVELOPMENT_TEAM = LN6Z64W6MA;
				GENERATE_INFOPLIST_FILE = YES;
				MARKETING_VERSION = 1.0;
				PRODUCT_BUNDLE_IDENTIFIER = "com.capitalH.Time-CalculatorUITests";
				PRODUCT_NAME = "$(TARGET_NAME)";
				SWIFT_EMIT_LOC_STRINGS = NO;
				SWIFT_VERSION = 5.0;
				TARGETED_DEVICE_FAMILY = "1,2";
				TEST_TARGET_NAME = "Time Calculator";
			};
			name = Debug;
		};
		C2E2A16A2D63CCC8008D931E /* Release */ = {
			isa = XCBuildConfiguration;
			buildSettings = {
				CODE_SIGN_STYLE = Automatic;
				CURRENT_PROJECT_VERSION = 1;
				DEVELOPMENT_TEAM = LN6Z64W6MA;
				GENERATE_INFOPLIST_FILE = YES;
				MARKETING_VERSION = 1.0;
				PRODUCT_BUNDLE_IDENTIFIER = "com.capitalH.Time-CalculatorUITests";
				PRODUCT_NAME = "$(TARGET_NAME)";
				SWIFT_EMIT_LOC_STRINGS = NO;
				SWIFT_VERSION = 5.0;
				TARGETED_DEVICE_FAMILY = "1,2";
				TEST_TARGET_NAME = "Time Calculator";
			};
			name = Release;
		};
/* End XCBuildConfiguration section */

/* Begin XCConfigurationList section */
		C2E2A12F2D63CCC5008D931E /* Build configuration list for PBXProject "Time Calculator" */ = {
			isa = XCConfigurationList;
			buildConfigurations = (
				C2E2A1632D63CCC8008D931E /* Debug */,
				C2E2A1642D63CCC8008D931E /* Release */,
			);
			defaultConfigurationIsVisible = 0;
			defaultConfigurationName = Release;
		};
		C2E2A1602D63CCC8008D931E /* Build configuration list for PBXNativeTarget "Time Calculator" */ = {
			isa = XCConfigurationList;
			buildConfigurations = (
				C2E2A1612D63CCC8008D931E /* Debug */,
				C2E2A1622D63CCC8008D931E /* Release */,
			);
			defaultConfigurationIsVisible = 0;
			defaultConfigurationName = Release;
		};
		C2E2A1652D63CCC8008D931E /* Build configuration list for PBXNativeTarget "Time CalculatorTests" */ = {
			isa = XCConfigurationList;
			buildConfigurations = (
				C2E2A1662D63CCC8008D931E /* Debug */,
				C2E2A1672D63CCC8008D931E /* Release */,
			);
			defaultConfigurationIsVisible = 0;
			defaultConfigurationName = Release;
		};
		C2E2A1682D63CCC8008D931E /* Build configuration list for PBXNativeTarget "Time CalculatorUITests" */ = {
			isa = XCConfigurationList;
			buildConfigurations = (
				C2E2A1692D63CCC8008D931E /* Debug */,
				C2E2A16A2D63CCC8008D931E /* Release */,
			);
			defaultConfigurationIsVisible = 0;
			defaultConfigurationName = Release;
		};
/* End XCConfigurationList section */
	};
	rootObject = C2E2A12C2D63CCC5008D931E /* Project object */;
}
